<Solution>
  <Folder Name="/Assginments/">
    <Project Path="Math App - HTTP/Math App - HTTP.csproj" />
  </Folder>
  <Folder Name="/Middleware/">
    <Project Path="Middleware/Middleware.csproj" />
  </Folder>
  <Project Path="Getting Started/Getting Started.csproj" />
  <Project Path="HTTP/HTTP.csproj" />
</Solution>
